dependencies:
  espressif/tinyusb:
    component_hash: null
    source:
      path: /media/dongkhoa/New Volume/ESP32_WIFI_USB_Gateway/Components/espressif__tinyusb
      type: local
    version: 0.15.0~10
  idf:
    component_hash: null
    source:
      type: idf
    version: 5.2.2
manifest_hash: 1cd9c1424c5a288219363f1216f585b14fbc2fa831ad68f13277673dbbf6a414
target: esp32s3
version: 1.0.0
